
Microsoft Visual Studio Solution File, Format Version 12.00
# Visual Studio 15
VisualStudioVersion = 15.0.28307.489
MinimumVisualStudioVersion = 10.0.40219.1
Project("{FAE04EC0-301F-11D3-BF4B-00C04F79EFBC}") = "MEE6 Leaderboard Scraper", "MEE6 Leaderboard Scraper\MEE6 Leaderboard Scraper.csproj", "{7796AF5F-7A79-4499-8E74-EA43F8251FAB}"
EndProject
Global
	GlobalSection(SolutionConfigurationPlatforms) = preSolution
		Debug|Any CPU = Debug|Any CPU
		Release|Any CPU = Release|Any CPU
	EndGlobalSection
	GlobalSection(ProjectConfigurationPlatforms) = postSolution
		{7796AF5F-7A79-4499-8E74-EA43F8251FAB}.Debug|Any CPU.ActiveCfg = Debug|Any CPU
		{7796AF5F-7A79-4499-8E74-EA43F8251FAB}.Debug|Any CPU.Build.0 = Debug|Any CPU
		{7796AF5F-7A79-4499-8E74-EA43F8251FAB}.Release|Any CPU.ActiveCfg = Release|Any CPU
		{7796AF5F-7A79-4499-8E74-EA43F8251FAB}.Release|Any CPU.Build.0 = Release|Any CPU
	EndGlobalSection
	GlobalSection(SolutionProperties) = preSolution
		HideSolutionNode = FALSE
	EndGlobalSection
	GlobalSection(ExtensibilityGlobals) = postSolution
		SolutionGuid = {24AF6191-21D2-43A0-A214-BEFAE8708615}
	EndGlobalSection
EndGlobal
